
Microsoft Visual Studio Solution File, Format Version 12.00
# Visual Studio Version 17
VisualStudioVersion = 17.0.31903.59
MinimumVisualStudioVersion = 10.0.40219.1
Project("{FAE04EC0-301F-11D3-BF4B-00C04F79EFBC}") = "SchoolNotes.API", "SchoolNotes.API\SchoolNotes.API.csproj", "{35BFA60E-5798-49D0-A7AE-0B04E5CE6B03}"
EndProject
Project("{FAE04EC0-301F-11D3-BF4B-00C04F79EFBC}") = "SchoolNotes.Test", "SchoolNotes.Test\SchoolNotes.Test.csproj", "{8A4CD3E0-F30C-4C87-BBB6-FE7302F35FD4}"
EndProject
Global
	GlobalSection(SolutionConfigurationPlatforms) = preSolution
		Debug|Any CPU = Debug|Any CPU
		Release|Any CPU = Release|Any CPU
	EndGlobalSection
	GlobalSection(SolutionProperties) = preSolution
		HideSolutionNode = FALSE
	EndGlobalSection
	GlobalSection(ProjectConfigurationPlatforms) = postSolution
		{35BFA60E-5798-49D0-A7AE-0B04E5CE6B03}.Debug|Any CPU.ActiveCfg = Debug|Any CPU
		{35BFA60E-5798-49D0-A7AE-0B04E5CE6B03}.Debug|Any CPU.Build.0 = Debug|Any CPU
		{35BFA60E-5798-49D0-A7AE-0B04E5CE6B03}.Release|Any CPU.ActiveCfg = Release|Any CPU
		{35BFA60E-5798-49D0-A7AE-0B04E5CE6B03}.Release|Any CPU.Build.0 = Release|Any CPU
		{8A4CD3E0-F30C-4C87-BBB6-FE7302F35FD4}.Debug|Any CPU.ActiveCfg = Debug|Any CPU
		{8A4CD3E0-F30C-4C87-BBB6-FE7302F35FD4}.Debug|Any CPU.Build.0 = Debug|Any CPU
		{8A4CD3E0-F30C-4C87-BBB6-FE7302F35FD4}.Release|Any CPU.ActiveCfg = Release|Any CPU
		{8A4CD3E0-F30C-4C87-BBB6-FE7302F35FD4}.Release|Any CPU.Build.0 = Release|Any CPU
	EndGlobalSection
EndGlobal
